// !$*UTF8*$!
{
	archiveVersion = 1;
	classes = {
	};
	objectVersion = 56;
	objects = {

/* Begin PBXBuildFile section */
		0533D9342B733B1300DF51B1 /* loading.gif in Resources */ = {isa = PBXBuildFile; fileRef = 0533D9332B733B1300DF51B1 /* loading.gif */; };
		0533D9372B73864400DF51B1 /* loadingAfterLogin.gif in Resources */ = {isa = PBXBuildFile; fileRef = 0533D9352B73864400DF51B1 /* loadingAfterLogin.gif */; };
		0533D9382B73864400DF51B1 /* Splash.gif in Resources */ = {isa = PBXBuildFile; fileRef = 0533D9362B73864400DF51B1 /* Splash.gif */; };
		0579B5B42B71BEFE0054117E /* LoginViewController.swift in Sources */ = {isa = PBXBuildFile; fileRef = 0579B5B32B71BEFE0054117E /* LoginViewController.swift */; };
		0579B5B62B71C69B0054117E /* LoginModel.swift in Sources */ = {isa = PBXBuildFile; fileRef = 0579B5B52B71C69B0054117E /* LoginModel.swift */; };
		0579B5BA2B71C6D80054117E /* User.swift in Sources */ = {isa = PBXBuildFile; fileRef = 0579B5B92B71C6D80054117E /* User.swift */; };
		0579B5BF2B71C8880054117E /* SettingViewController.swift in Sources */ = {isa = PBXBuildFile; fileRef = 0579B5BE2B71C8880054117E /* SettingViewController.swift */; };
		0597DA852B74758900D3AA4D /* IngredientsViewController.swift in Sources */ = {isa = PBXBuildFile; fileRef = 0597DA842B74758900D3AA4D /* IngredientsViewController.swift */; };
		0597DA872B74759700D3AA4D /* RefrigeratorViewController.swift in Sources */ = {isa = PBXBuildFile; fileRef = 0597DA862B74759700D3AA4D /* RefrigeratorViewController.swift */; };
		05981CD82B7457FB009AC0F8 /* Splash.json in Resources */ = {isa = PBXBuildFile; fileRef = 05981CD72B7457FB009AC0F8 /* Splash.json */; };
		05981CDA2B745FAF009AC0F8 /* SplashLottie.gif in Resources */ = {isa = PBXBuildFile; fileRef = 05981CD92B745FAF009AC0F8 /* SplashLottie.gif */; };
		05981CDD2B7462D1009AC0F8 /* loading.json in Resources */ = {isa = PBXBuildFile; fileRef = 05981CDB2B7462D1009AC0F8 /* loading.json */; };
		05981CDE2B7462D1009AC0F8 /* loadingAfterLogin.json in Resources */ = {isa = PBXBuildFile; fileRef = 05981CDC2B7462D1009AC0F8 /* loadingAfterLogin.json */; };
		2D333F772B55697F00B418C0 /* AppDelegate.swift in Sources */ = {isa = PBXBuildFile; fileRef = 2D333F762B55697F00B418C0 /* AppDelegate.swift */; };
		2D333F792B55697F00B418C0 /* SceneDelegate.swift in Sources */ = {isa = PBXBuildFile; fileRef = 2D333F782B55697F00B418C0 /* SceneDelegate.swift */; };
		2D333F7E2B55697F00B418C0 /* Main.storyboard in Resources */ = {isa = PBXBuildFile; fileRef = 2D333F7C2B55697F00B418C0 /* Main.storyboard */; };
		2D333F802B55698000B418C0 /* Assets.xcassets in Resources */ = {isa = PBXBuildFile; fileRef = 2D333F7F2B55698000B418C0 /* Assets.xcassets */; };
		2D333F832B55698000B418C0 /* LaunchScreen.storyboard in Resources */ = {isa = PBXBuildFile; fileRef = 2D333F812B55698000B418C0 /* LaunchScreen.storyboard */; };
		2D333F982B556AB300B418C0 /* ReferenceValues.swift in Sources */ = {isa = PBXBuildFile; fileRef = 2D333F952B556AAF00B418C0 /* ReferenceValues.swift */; };
		2D333F992B556AB600B418C0 /* Extension.swift in Sources */ = {isa = PBXBuildFile; fileRef = 2D333F942B556AAF00B418C0 /* Extension.swift */; };
		2D333F9A2B556AB800B418C0 /* AlertPopViewController.swift in Sources */ = {isa = PBXBuildFile; fileRef = 2D333F962B556AAF00B418C0 /* AlertPopViewController.swift */; };
		2D333F9B2B556ABB00B418C0 /* SupportingMethods.swift in Sources */ = {isa = PBXBuildFile; fileRef = 2D333F972B556AAF00B418C0 /* SupportingMethods.swift */; };
		2D333F9C2B556ABE00B418C0 /* TemplateTableViewCell.swift in Sources */ = {isa = PBXBuildFile; fileRef = 2D333F8C2B556AAF00B418C0 /* TemplateTableViewCell.swift */; };
		2D333F9D2B556AC100B418C0 /* TemplateView.swift in Sources */ = {isa = PBXBuildFile; fileRef = 2D333F8B2B556AAF00B418C0 /* TemplateView.swift */; };
		2D333F9E2B556AC400B418C0 /* BottomSheetViewController.swift in Sources */ = {isa = PBXBuildFile; fileRef = 2D333F8D2B556AAF00B418C0 /* BottomSheetViewController.swift */; };
		2D333F9F2B556AC600B418C0 /* TemplateViewController.swift in Sources */ = {isa = PBXBuildFile; fileRef = 2D333F8E2B556AAF00B418C0 /* TemplateViewController.swift */; };
		2D333FA02B556AC900B418C0 /* TempateViewPagerViewController.swift in Sources */ = {isa = PBXBuildFile; fileRef = 2D333F902B556AAF00B418C0 /* TempateViewPagerViewController.swift */; };
		2D333FA12B556ACC00B418C0 /* TemplateHeaderFooterView.swift in Sources */ = {isa = PBXBuildFile; fileRef = 2D333F8F2B556AAF00B418C0 /* TemplateHeaderFooterView.swift */; };
		2D333FA22B556ACE00B418C0 /* TemplateCollectionViewCell.swift in Sources */ = {isa = PBXBuildFile; fileRef = 2D333F912B556AAF00B418C0 /* TemplateCollectionViewCell.swift */; };
		2D333FA32B556AD100B418C0 /* ViewPagerCollectionViewCell.swift in Sources */ = {isa = PBXBuildFile; fileRef = 2D333F922B556AAF00B418C0 /* ViewPagerCollectionViewCell.swift */; };
		2D333FA82B556D3200B418C0 /* Pretendard-Medium.otf in Resources */ = {isa = PBXBuildFile; fileRef = 2D333FA52B556D2E00B418C0 /* Pretendard-Medium.otf */; };
		2D333FA92B556D3400B418C0 /* PretendardVariable.ttf in Resources */ = {isa = PBXBuildFile; fileRef = 2D333FA62B556D2E00B418C0 /* PretendardVariable.ttf */; };
		2D333FAA2B556D3600B418C0 /* Pretendard-Bold.otf in Resources */ = {isa = PBXBuildFile; fileRef = 2D333FA72B556D2E00B418C0 /* Pretendard-Bold.otf */; };
		2D333FAC2B5576B600B418C0 /* TabBarController.swift in Sources */ = {isa = PBXBuildFile; fileRef = 2D333FAB2B5576B600B418C0 /* TabBarController.swift */; };
		2D333FAE2B5578FB00B418C0 /* CustomizedNavigationController.swift in Sources */ = {isa = PBXBuildFile; fileRef = 2D333FAD2B5578FB00B418C0 /* CustomizedNavigationController.swift */; };
		6608A8EBDF6ECFD8981515FA /* Pods_cookNow.framework in Frameworks */ = {isa = PBXBuildFile; fileRef = D1F3F3FC423A68B5080065B7 /* Pods_cookNow.framework */; };
/* End PBXBuildFile section */

/* Begin PBXFileReference section */
		0533D9332B733B1300DF51B1 /* loading.gif */ = {isa = PBXFileReference; lastKnownFileType = image.gif; path = loading.gif; sourceTree = "<group>"; };
		0533D9352B73864400DF51B1 /* loadingAfterLogin.gif */ = {isa = PBXFileReference; lastKnownFileType = image.gif; path = loadingAfterLogin.gif; sourceTree = "<group>"; };
		0533D9362B73864400DF51B1 /* Splash.gif */ = {isa = PBXFileReference; lastKnownFileType = image.gif; path = Splash.gif; sourceTree = "<group>"; };
		0579B5B32B71BEFE0054117E /* LoginViewController.swift */ = {isa = PBXFileReference; lastKnownFileType = sourcecode.swift; path = LoginViewController.swift; sourceTree = "<group>"; };
		0579B5B52B71C69B0054117E /* LoginModel.swift */ = {isa = PBXFileReference; lastKnownFileType = sourcecode.swift; path = LoginModel.swift; sourceTree = "<group>"; };
		0579B5B92B71C6D80054117E /* User.swift */ = {isa = PBXFileReference; lastKnownFileType = sourcecode.swift; path = User.swift; sourceTree = "<group>"; };
		0579B5BE2B71C8880054117E /* SettingViewController.swift */ = {isa = PBXFileReference; lastKnownFileType = sourcecode.swift; path = SettingViewController.swift; sourceTree = "<group>"; };
		0579B5C12B71D3F90054117E /* cookNow.entitlements */ = {isa = PBXFileReference; lastKnownFileType = text.plist.entitlements; path = cookNow.entitlements; sourceTree = "<group>"; };
		0597DA842B74758900D3AA4D /* IngredientsViewController.swift */ = {isa = PBXFileReference; lastKnownFileType = sourcecode.swift; path = IngredientsViewController.swift; sourceTree = "<group>"; };
		0597DA862B74759700D3AA4D /* RefrigeratorViewController.swift */ = {isa = PBXFileReference; lastKnownFileType = sourcecode.swift; path = RefrigeratorViewController.swift; sourceTree = "<group>"; };
		05981CD72B7457FB009AC0F8 /* Splash.json */ = {isa = PBXFileReference; fileEncoding = 4; lastKnownFileType = text.json; path = Splash.json; sourceTree = "<group>"; };
		05981CD92B745FAF009AC0F8 /* SplashLottie.gif */ = {isa = PBXFileReference; lastKnownFileType = image.gif; path = SplashLottie.gif; sourceTree = "<group>"; };
		05981CDB2B7462D1009AC0F8 /* loading.json */ = {isa = PBXFileReference; fileEncoding = 4; lastKnownFileType = text.json; path = loading.json; sourceTree = "<group>"; };
		05981CDC2B7462D1009AC0F8 /* loadingAfterLogin.json */ = {isa = PBXFileReference; fileEncoding = 4; lastKnownFileType = text.json; path = loadingAfterLogin.json; sourceTree = "<group>"; };
		2B485BFE5A908B4AB37D9847 /* Pods-cookNow.debug.xcconfig */ = {isa = PBXFileReference; includeInIndex = 1; lastKnownFileType = text.xcconfig; name = "Pods-cookNow.debug.xcconfig"; path = "Target Support Files/Pods-cookNow/Pods-cookNow.debug.xcconfig"; sourceTree = "<group>"; };
		2D333F732B55697F00B418C0 /* cookNow.app */ = {isa = PBXFileReference; explicitFileType = wrapper.application; includeInIndex = 0; path = cookNow.app; sourceTree = BUILT_PRODUCTS_DIR; };
		2D333F762B55697F00B418C0 /* AppDelegate.swift */ = {isa = PBXFileReference; lastKnownFileType = sourcecode.swift; path = AppDelegate.swift; sourceTree = "<group>"; };
		2D333F782B55697F00B418C0 /* SceneDelegate.swift */ = {isa = PBXFileReference; lastKnownFileType = sourcecode.swift; path = SceneDelegate.swift; sourceTree = "<group>"; };
		2D333F7D2B55697F00B418C0 /* Base */ = {isa = PBXFileReference; lastKnownFileType = file.storyboard; name = Base; path = Base.lproj/Main.storyboard; sourceTree = "<group>"; };
		2D333F7F2B55698000B418C0 /* Assets.xcassets */ = {isa = PBXFileReference; lastKnownFileType = folder.assetcatalog; path = Assets.xcassets; sourceTree = "<group>"; };
		2D333F822B55698000B418C0 /* Base */ = {isa = PBXFileReference; lastKnownFileType = file.storyboard; name = Base; path = Base.lproj/LaunchScreen.storyboard; sourceTree = "<group>"; };
		2D333F842B55698000B418C0 /* Info.plist */ = {isa = PBXFileReference; lastKnownFileType = text.plist.xml; path = Info.plist; sourceTree = "<group>"; };
		2D333F8B2B556AAF00B418C0 /* TemplateView.swift */ = {isa = PBXFileReference; lastKnownFileType = sourcecode.swift; path = TemplateView.swift; sourceTree = "<group>"; };
		2D333F8C2B556AAF00B418C0 /* TemplateTableViewCell.swift */ = {isa = PBXFileReference; lastKnownFileType = sourcecode.swift; path = TemplateTableViewCell.swift; sourceTree = "<group>"; };
		2D333F8D2B556AAF00B418C0 /* BottomSheetViewController.swift */ = {isa = PBXFileReference; lastKnownFileType = sourcecode.swift; path = BottomSheetViewController.swift; sourceTree = "<group>"; };
		2D333F8E2B556AAF00B418C0 /* TemplateViewController.swift */ = {isa = PBXFileReference; lastKnownFileType = sourcecode.swift; path = TemplateViewController.swift; sourceTree = "<group>"; };
		2D333F8F2B556AAF00B418C0 /* TemplateHeaderFooterView.swift */ = {isa = PBXFileReference; lastKnownFileType = sourcecode.swift; path = TemplateHeaderFooterView.swift; sourceTree = "<group>"; };
		2D333F902B556AAF00B418C0 /* TempateViewPagerViewController.swift */ = {isa = PBXFileReference; lastKnownFileType = sourcecode.swift; path = TempateViewPagerViewController.swift; sourceTree = "<group>"; };
		2D333F912B556AAF00B418C0 /* TemplateCollectionViewCell.swift */ = {isa = PBXFileReference; lastKnownFileType = sourcecode.swift; path = TemplateCollectionViewCell.swift; sourceTree = "<group>"; };
		2D333F922B556AAF00B418C0 /* ViewPagerCollectionViewCell.swift */ = {isa = PBXFileReference; lastKnownFileType = sourcecode.swift; path = ViewPagerCollectionViewCell.swift; sourceTree = "<group>"; };
		2D333F942B556AAF00B418C0 /* Extension.swift */ = {isa = PBXFileReference; lastKnownFileType = sourcecode.swift; path = Extension.swift; sourceTree = "<group>"; };
		2D333F952B556AAF00B418C0 /* ReferenceValues.swift */ = {isa = PBXFileReference; lastKnownFileType = sourcecode.swift; path = ReferenceValues.swift; sourceTree = "<group>"; };
		2D333F962B556AAF00B418C0 /* AlertPopViewController.swift */ = {isa = PBXFileReference; lastKnownFileType = sourcecode.swift; path = AlertPopViewController.swift; sourceTree = "<group>"; };
		2D333F972B556AAF00B418C0 /* SupportingMethods.swift */ = {isa = PBXFileReference; lastKnownFileType = sourcecode.swift; path = SupportingMethods.swift; sourceTree = "<group>"; };
		2D333FA52B556D2E00B418C0 /* Pretendard-Medium.otf */ = {isa = PBXFileReference; lastKnownFileType = file; path = "Pretendard-Medium.otf"; sourceTree = "<group>"; };
		2D333FA62B556D2E00B418C0 /* PretendardVariable.ttf */ = {isa = PBXFileReference; lastKnownFileType = file; path = PretendardVariable.ttf; sourceTree = "<group>"; };
		2D333FA72B556D2E00B418C0 /* Pretendard-Bold.otf */ = {isa = PBXFileReference; lastKnownFileType = file; path = "Pretendard-Bold.otf"; sourceTree = "<group>"; };
		2D333FAB2B5576B600B418C0 /* TabBarController.swift */ = {isa = PBXFileReference; lastKnownFileType = sourcecode.swift; path = TabBarController.swift; sourceTree = "<group>"; };
		2D333FAD2B5578FB00B418C0 /* CustomizedNavigationController.swift */ = {isa = PBXFileReference; lastKnownFileType = sourcecode.swift; path = CustomizedNavigationController.swift; sourceTree = "<group>"; };
		8AC3CAE9C1DDC27FEED9E708 /* Pods-cookNow.release.xcconfig */ = {isa = PBXFileReference; includeInIndex = 1; lastKnownFileType = text.xcconfig; name = "Pods-cookNow.release.xcconfig"; path = "Target Support Files/Pods-cookNow/Pods-cookNow.release.xcconfig"; sourceTree = "<group>"; };
		D1F3F3FC423A68B5080065B7 /* Pods_cookNow.framework */ = {isa = PBXFileReference; explicitFileType = wrapper.framework; includeInIndex = 0; path = Pods_cookNow.framework; sourceTree = BUILT_PRODUCTS_DIR; };
/* End PBXFileReference section */

/* Begin PBXFrameworksBuildPhase section */
		2D333F702B55697F00B418C0 /* Frameworks */ = {
			isa = PBXFrameworksBuildPhase;
			buildActionMask = 2147483647;
			files = (
				6608A8EBDF6ECFD8981515FA /* Pods_cookNow.framework in Frameworks */,
			);
			runOnlyForDeploymentPostprocessing = 0;
		};
/* End PBXFrameworksBuildPhase section */

/* Begin PBXGroup section */
		0533D9322B733AF000DF51B1 /* GifAsset */ = {
			isa = PBXGroup;
			children = (
				0533D9332B733B1300DF51B1 /* loading.gif */,
				0533D9352B73864400DF51B1 /* loadingAfterLogin.gif */,
				0533D9362B73864400DF51B1 /* Splash.gif */,
				05981CD92B745FAF009AC0F8 /* SplashLottie.gif */,
				05981CD72B7457FB009AC0F8 /* Splash.json */,
				05981CDB2B7462D1009AC0F8 /* loading.json */,
				05981CDC2B7462D1009AC0F8 /* loadingAfterLogin.json */,
			);
			path = GifAsset;
			sourceTree = "<group>";
		};
		0579B5B22B71BEEF0054117E /* Login */ = {
			isa = PBXGroup;
			children = (
				0579B5B82B71C6AD0054117E /* Model */,
				0579B5B72B71C6A60054117E /* View */,
			);
			path = Login;
			sourceTree = "<group>";
		};
		0579B5B72B71C6A60054117E /* View */ = {
			isa = PBXGroup;
			children = (
				0579B5B32B71BEFE0054117E /* LoginViewController.swift */,
			);
			path = View;
			sourceTree = "<group>";
		};
		0579B5B82B71C6AD0054117E /* Model */ = {
			isa = PBXGroup;
			children = (
				0579B5B52B71C69B0054117E /* LoginModel.swift */,
			);
			path = Model;
			sourceTree = "<group>";
		};
		0579B5BB2B71C8630054117E /* Main */ = {
			isa = PBXGroup;
			children = (
				0579B5BC2B71C8750054117E /* Model */,
				0579B5BD2B71C87A0054117E /* View */,
			);
			path = Main;
			sourceTree = "<group>";
		};
		0579B5BC2B71C8750054117E /* Model */ = {
			isa = PBXGroup;
			children = (
			);
			path = Model;
			sourceTree = "<group>";
		};
		0579B5BD2B71C87A0054117E /* View */ = {
			isa = PBXGroup;
			children = (
				0597DA812B74753000D3AA4D /* Ingredients */,
				0597DA832B74755400D3AA4D /* Refrigerator */,
				0597DA822B74754F00D3AA4D /* Setting */,
			);
			path = View;
			sourceTree = "<group>";
		};
		0579B5C02B71D0FA0054117E /* Init */ = {
			isa = PBXGroup;
			children = (
				2D333F7F2B55698000B418C0 /* Assets.xcassets */,
				2D333F7C2B55697F00B418C0 /* Main.storyboard */,
				2D333F812B55698000B418C0 /* LaunchScreen.storyboard */,
				2D333FAB2B5576B600B418C0 /* TabBarController.swift */,
				2D333FAD2B5578FB00B418C0 /* CustomizedNavigationController.swift */,
			);
			path = Init;
			sourceTree = "<group>";
		};
		0597DA812B74753000D3AA4D /* Ingredients */ = {
			isa = PBXGroup;
			children = (
				0597DA842B74758900D3AA4D /* IngredientsViewController.swift */,
			);
			path = Ingredients;
			sourceTree = "<group>";
		};
		0597DA822B74754F00D3AA4D /* Setting */ = {
			isa = PBXGroup;
			children = (
				0579B5BE2B71C8880054117E /* SettingViewController.swift */,
			);
			path = Setting;
			sourceTree = "<group>";
		};
		0597DA832B74755400D3AA4D /* Refrigerator */ = {
			isa = PBXGroup;
			children = (
				0597DA862B74759700D3AA4D /* RefrigeratorViewController.swift */,
			);
			path = Refrigerator;
			sourceTree = "<group>";
		};
		17245C2E1583CA880841403D /* Pods */ = {
			isa = PBXGroup;
			children = (
				2B485BFE5A908B4AB37D9847 /* Pods-cookNow.debug.xcconfig */,
				8AC3CAE9C1DDC27FEED9E708 /* Pods-cookNow.release.xcconfig */,
			);
			path = Pods;
			sourceTree = "<group>";
		};
		2D333F6A2B55697F00B418C0 = {
			isa = PBXGroup;
			children = (
				2D333F752B55697F00B418C0 /* cookNow */,
				2D333F742B55697F00B418C0 /* Products */,
				17245C2E1583CA880841403D /* Pods */,
				F2907E633D147E28720808AD /* Frameworks */,
			);
			sourceTree = "<group>";
		};
		2D333F742B55697F00B418C0 /* Products */ = {
			isa = PBXGroup;
			children = (
				2D333F732B55697F00B418C0 /* cookNow.app */,
			);
			name = Products;
			sourceTree = "<group>";
		};
		2D333F752B55697F00B418C0 /* cookNow */ = {
			isa = PBXGroup;
			children = (
				0579B5C12B71D3F90054117E /* cookNow.entitlements */,
				2D333F842B55698000B418C0 /* Info.plist */,
				2D333F762B55697F00B418C0 /* AppDelegate.swift */,
				2D333F782B55697F00B418C0 /* SceneDelegate.swift */,
				0533D9322B733AF000DF51B1 /* GifAsset */,
				2D333FA42B556D2E00B418C0 /* Fonts */,
				2D333F932B556AAF00B418C0 /* Assistant */,
				2D333F8A2B556AAF00B418C0 /* Template */,
				0579B5C02B71D0FA0054117E /* Init */,
				0579B5B22B71BEEF0054117E /* Login */,
				0579B5BB2B71C8630054117E /* Main */,
			);
			path = cookNow;
			sourceTree = "<group>";
		};
		2D333F8A2B556AAF00B418C0 /* Template */ = {
			isa = PBXGroup;
			children = (
				2D333F8B2B556AAF00B418C0 /* TemplateView.swift */,
				2D333F8C2B556AAF00B418C0 /* TemplateTableViewCell.swift */,
				2D333F8D2B556AAF00B418C0 /* BottomSheetViewController.swift */,
				2D333F8E2B556AAF00B418C0 /* TemplateViewController.swift */,
				2D333F8F2B556AAF00B418C0 /* TemplateHeaderFooterView.swift */,
				2D333F902B556AAF00B418C0 /* TempateViewPagerViewController.swift */,
				2D333F912B556AAF00B418C0 /* TemplateCollectionViewCell.swift */,
				2D333F922B556AAF00B418C0 /* ViewPagerCollectionViewCell.swift */,
			);
			path = Template;
			sourceTree = "<group>";
		};
		2D333F932B556AAF00B418C0 /* Assistant */ = {
			isa = PBXGroup;
			children = (
				0579B5B92B71C6D80054117E /* User.swift */,
				2D333F942B556AAF00B418C0 /* Extension.swift */,
				2D333F962B556AAF00B418C0 /* AlertPopViewController.swift */,
				2D333F952B556AAF00B418C0 /* ReferenceValues.swift */,
				2D333F972B556AAF00B418C0 /* SupportingMethods.swift */,
			);
			path = Assistant;
			sourceTree = "<group>";
		};
		2D333FA42B556D2E00B418C0 /* Fonts */ = {
			isa = PBXGroup;
			children = (
				2D333FA52B556D2E00B418C0 /* Pretendard-Medium.otf */,
				2D333FA62B556D2E00B418C0 /* PretendardVariable.ttf */,
				2D333FA72B556D2E00B418C0 /* Pretendard-Bold.otf */,
			);
			path = Fonts;
			sourceTree = "<group>";
		};
		F2907E633D147E28720808AD /* Frameworks */ = {
			isa = PBXGroup;
			children = (
				D1F3F3FC423A68B5080065B7 /* Pods_cookNow.framework */,
			);
			name = Frameworks;
			sourceTree = "<group>";
		};
/* End PBXGroup section */

/* Begin PBXNativeTarget section */
		2D333F722B55697F00B418C0 /* cookNow */ = {
			isa = PBXNativeTarget;
			buildConfigurationList = 2D333F872B55698000B418C0 /* Build configuration list for PBXNativeTarget "cookNow" */;
			buildPhases = (
				D8C277B20495A5B86205A94A /* [CP] Check Pods Manifest.lock */,
				2D333F6F2B55697F00B418C0 /* Sources */,
				2D333F702B55697F00B418C0 /* Frameworks */,
				2D333F712B55697F00B418C0 /* Resources */,
				46A5F655F7B8D778135186EA /* [CP] Embed Pods Frameworks */,
			);
			buildRules = (
			);
			dependencies = (
			);
			name = cookNow;
			productName = cookNow;
			productReference = 2D333F732B55697F00B418C0 /* cookNow.app */;
			productType = "com.apple.product-type.application";
		};
/* End PBXNativeTarget section */

/* Begin PBXProject section */
		2D333F6B2B55697F00B418C0 /* Project object */ = {
			isa = PBXProject;
			attributes = {
				BuildIndependentTargetsInParallel = 1;
				LastSwiftUpdateCheck = 1500;
				LastUpgradeCheck = 1500;
				TargetAttributes = {
					2D333F722B55697F00B418C0 = {
						CreatedOnToolsVersion = 15.0;
					};
				};
			};
			buildConfigurationList = 2D333F6E2B55697F00B418C0 /* Build configuration list for PBXProject "cookNow" */;
			compatibilityVersion = "Xcode 14.0";
			developmentRegion = en;
			hasScannedForEncodings = 0;
			knownRegions = (
				en,
				Base,
			);
			mainGroup = 2D333F6A2B55697F00B418C0;
			productRefGroup = 2D333F742B55697F00B418C0 /* Products */;
			projectDirPath = "";
			projectRoot = "";
			targets = (
				2D333F722B55697F00B418C0 /* cookNow */,
			);
		};
/* End PBXProject section */

/* Begin PBXResourcesBuildPhase section */
		2D333F712B55697F00B418C0 /* Resources */ = {
			isa = PBXResourcesBuildPhase;
			buildActionMask = 2147483647;
			files = (
				2D333FA92B556D3400B418C0 /* PretendardVariable.ttf in Resources */,
				2D333FAA2B556D3600B418C0 /* Pretendard-Bold.otf in Resources */,
				05981CDD2B7462D1009AC0F8 /* loading.json in Resources */,
				0533D9372B73864400DF51B1 /* loadingAfterLogin.gif in Resources */,
				2D333F832B55698000B418C0 /* LaunchScreen.storyboard in Resources */,
				05981CD82B7457FB009AC0F8 /* Splash.json in Resources */,
				2D333F802B55698000B418C0 /* Assets.xcassets in Resources */,
				0533D9342B733B1300DF51B1 /* loading.gif in Resources */,
				0533D9382B73864400DF51B1 /* Splash.gif in Resources */,
				2D333F7E2B55697F00B418C0 /* Main.storyboard in Resources */,
				05981CDA2B745FAF009AC0F8 /* SplashLottie.gif in Resources */,
				05981CDE2B7462D1009AC0F8 /* loadingAfterLogin.json in Resources */,
				2D333FA82B556D3200B418C0 /* Pretendard-Medium.otf in Resources */,
			);
			runOnlyForDeploymentPostprocessing = 0;
		};
/* End PBXResourcesBuildPhase section */

/* Begin PBXShellScriptBuildPhase section */
		46A5F655F7B8D778135186EA /* [CP] Embed Pods Frameworks */ = {
			isa = PBXShellScriptBuildPhase;
			buildActionMask = 2147483647;
			files = (
			);
			inputFileListPaths = (
				"${PODS_ROOT}/Target Support Files/Pods-cookNow/Pods-cookNow-frameworks-${CONFIGURATION}-input-files.xcfilelist",
			);
			name = "[CP] Embed Pods Frameworks";
			outputFileListPaths = (
				"${PODS_ROOT}/Target Support Files/Pods-cookNow/Pods-cookNow-frameworks-${CONFIGURATION}-output-files.xcfilelist",
			);
			runOnlyForDeploymentPostprocessing = 0;
			shellPath = /bin/sh;
			shellScript = "\"${PODS_ROOT}/Target Support Files/Pods-cookNow/Pods-cookNow-frameworks.sh\"\n";
			showEnvVarsInLog = 0;
		};
		D8C277B20495A5B86205A94A /* [CP] Check Pods Manifest.lock */ = {
			isa = PBXShellScriptBuildPhase;
			buildActionMask = 2147483647;
			files = (
			);
			inputFileListPaths = (
			);
			inputPaths = (
				"${PODS_PODFILE_DIR_PATH}/Podfile.lock",
				"${PODS_ROOT}/Manifest.lock",
			);
			name = "[CP] Check Pods Manifest.lock";
			outputFileListPaths = (
			);
			outputPaths = (
				"$(DERIVED_FILE_DIR)/Pods-cookNow-checkManifestLockResult.txt",
			);
			runOnlyForDeploymentPostprocessing = 0;
			shellPath = /bin/sh;
			shellScript = "diff \"${PODS_PODFILE_DIR_PATH}/Podfile.lock\" \"${PODS_ROOT}/Manifest.lock\" > /dev/null\nif [ $? != 0 ] ; then\n    # print error to STDERR\n    echo \"error: The sandbox is not in sync with the Podfile.lock. Run 'pod install' or update your CocoaPods installation.\" >&2\n    exit 1\nfi\n# This output is used by Xcode 'outputs' to avoid re-running this script phase.\necho \"SUCCESS\" > \"${SCRIPT_OUTPUT_FILE_0}\"\n";
			showEnvVarsInLog = 0;
		};
/* End PBXShellScriptBuildPhase section */

/* Begin PBXSourcesBuildPhase section */
		2D333F6F2B55697F00B418C0 /* Sources */ = {
			isa = PBXSourcesBuildPhase;
			buildActionMask = 2147483647;
			files = (
				2D333FAE2B5578FB00B418C0 /* CustomizedNavigationController.swift in Sources */,
				2D333F9B2B556ABB00B418C0 /* SupportingMethods.swift in Sources */,
				2D333FAC2B5576B600B418C0 /* TabBarController.swift in Sources */,
				2D333F992B556AB600B418C0 /* Extension.swift in Sources */,
				0597DA872B74759700D3AA4D /* RefrigeratorViewController.swift in Sources */,
				2D333F9A2B556AB800B418C0 /* AlertPopViewController.swift in Sources */,
				2D333F9E2B556AC400B418C0 /* BottomSheetViewController.swift in Sources */,
				2D333FA32B556AD100B418C0 /* ViewPagerCollectionViewCell.swift in Sources */,
				2D333F9F2B556AC600B418C0 /* TemplateViewController.swift in Sources */,
				2D333F772B55697F00B418C0 /* AppDelegate.swift in Sources */,
				2D333F9D2B556AC100B418C0 /* TemplateView.swift in Sources */,
				2D333FA02B556AC900B418C0 /* TempateViewPagerViewController.swift in Sources */,
				2D333F9C2B556ABE00B418C0 /* TemplateTableViewCell.swift in Sources */,
				2D333FA22B556ACE00B418C0 /* TemplateCollectionViewCell.swift in Sources */,
				0579B5B62B71C69B0054117E /* LoginModel.swift in Sources */,
				0579B5B42B71BEFE0054117E /* LoginViewController.swift in Sources */,
				0579B5BF2B71C8880054117E /* SettingViewController.swift in Sources */,
				2D333F792B55697F00B418C0 /* SceneDelegate.swift in Sources */,
				2D333F982B556AB300B418C0 /* ReferenceValues.swift in Sources */,
				0597DA852B74758900D3AA4D /* IngredientsViewController.swift in Sources */,
				2D333FA12B556ACC00B418C0 /* TemplateHeaderFooterView.swift in Sources */,
				0579B5BA2B71C6D80054117E /* User.swift in Sources */,
			);
			runOnlyForDeploymentPostprocessing = 0;
		};
/* End PBXSourcesBuildPhase section */

/* Begin PBXVariantGroup section */
		2D333F7C2B55697F00B418C0 /* Main.storyboard */ = {
			isa = PBXVariantGroup;
			children = (
				2D333F7D2B55697F00B418C0 /* Base */,
			);
			name = Main.storyboard;
			sourceTree = "<group>";
		};
		2D333F812B55698000B418C0 /* LaunchScreen.storyboard */ = {
			isa = PBXVariantGroup;
			children = (
				2D333F822B55698000B418C0 /* Base */,
			);
			name = LaunchScreen.storyboard;
			sourceTree = "<group>";
		};
/* End PBXVariantGroup section */

/* Begin XCBuildConfiguration section */
		2D333F852B55698000B418C0 /* Debug */ = {
			isa = XCBuildConfiguration;
			buildSettings = {
				ALWAYS_SEARCH_USER_PATHS = NO;
				ASSETCATALOG_COMPILER_GENERATE_SWIFT_ASSET_SYMBOL_EXTENSIONS = YES;
				CLANG_ANALYZER_NONNULL = YES;
				CLANG_ANALYZER_NUMBER_OBJECT_CONVERSION = YES_AGGRESSIVE;
				CLANG_CXX_LANGUAGE_STANDARD = "gnu++20";
				CLANG_ENABLE_MODULES = YES;
				CLANG_ENABLE_OBJC_ARC = YES;
				CLANG_ENABLE_OBJC_WEAK = YES;
				CLANG_WARN_BLOCK_CAPTURE_AUTORELEASING = YES;
				CLANG_WARN_BOOL_CONVERSION = YES;
				CLANG_WARN_COMMA = YES;
				CLANG_WARN_CONSTANT_CONVERSION = YES;
				CLANG_WARN_DEPRECATED_OBJC_IMPLEMENTATIONS = YES;
				CLANG_WARN_DIRECT_OBJC_ISA_USAGE = YES_ERROR;
				CLANG_WARN_DOCUMENTATION_COMMENTS = YES;
				CLANG_WARN_EMPTY_BODY = YES;
				CLANG_WARN_ENUM_CONVERSION = YES;
				CLANG_WARN_INFINITE_RECURSION = YES;
				CLANG_WARN_INT_CONVERSION = YES;
				CLANG_WARN_NON_LITERAL_NULL_CONVERSION = YES;
				CLANG_WARN_OBJC_IMPLICIT_RETAIN_SELF = YES;
				CLANG_WARN_OBJC_LITERAL_CONVERSION = YES;
				CLANG_WARN_OBJC_ROOT_CLASS = YES_ERROR;
				CLANG_WARN_QUOTED_INCLUDE_IN_FRAMEWORK_HEADER = YES;
				CLANG_WARN_RANGE_LOOP_ANALYSIS = YES;
				CLANG_WARN_STRICT_PROTOTYPES = YES;
				CLANG_WARN_SUSPICIOUS_MOVE = YES;
				CLANG_WARN_UNGUARDED_AVAILABILITY = YES_AGGRESSIVE;
				CLANG_WARN_UNREACHABLE_CODE = YES;
				CLANG_WARN__DUPLICATE_METHOD_MATCH = YES;
				COPY_PHASE_STRIP = NO;
				DEBUG_INFORMATION_FORMAT = dwarf;
				ENABLE_STRICT_OBJC_MSGSEND = YES;
				ENABLE_TESTABILITY = YES;
				ENABLE_USER_SCRIPT_SANDBOXING = NO;
				GCC_C_LANGUAGE_STANDARD = gnu17;
				GCC_DYNAMIC_NO_PIC = NO;
				GCC_NO_COMMON_BLOCKS = YES;
				GCC_OPTIMIZATION_LEVEL = 0;
				GCC_PREPROCESSOR_DEFINITIONS = (
					"DEBUG=1",
					"$(inherited)",
				);
				GCC_WARN_64_TO_32_BIT_CONVERSION = YES;
				GCC_WARN_ABOUT_RETURN_TYPE = YES_ERROR;
				GCC_WARN_UNDECLARED_SELECTOR = YES;
				GCC_WARN_UNINITIALIZED_AUTOS = YES_AGGRESSIVE;
				GCC_WARN_UNUSED_FUNCTION = YES;
				GCC_WARN_UNUSED_VARIABLE = YES;
				IPHONEOS_DEPLOYMENT_TARGET = 17.0;
				LOCALIZATION_PREFERS_STRING_CATALOGS = YES;
				MTL_ENABLE_DEBUG_INFO = INCLUDE_SOURCE;
				MTL_FAST_MATH = YES;
				ONLY_ACTIVE_ARCH = YES;
				SDKROOT = iphoneos;
				SWIFT_ACTIVE_COMPILATION_CONDITIONS = "DEBUG $(inherited)";
				SWIFT_OPTIMIZATION_LEVEL = "-Onone";
			};
			name = Debug;
		};
		2D333F862B55698000B418C0 /* Release */ = {
			isa = XCBuildConfiguration;
			buildSettings = {
				ALWAYS_SEARCH_USER_PATHS = NO;
				ASSETCATALOG_COMPILER_GENERATE_SWIFT_ASSET_SYMBOL_EXTENSIONS = YES;
				CLANG_ANALYZER_NONNULL = YES;
				CLANG_ANALYZER_NUMBER_OBJECT_CONVERSION = YES_AGGRESSIVE;
				CLANG_CXX_LANGUAGE_STANDARD = "gnu++20";
				CLANG_ENABLE_MODULES = YES;
				CLANG_ENABLE_OBJC_ARC = YES;
				CLANG_ENABLE_OBJC_WEAK = YES;
				CLANG_WARN_BLOCK_CAPTURE_AUTORELEASING = YES;
				CLANG_WARN_BOOL_CONVERSION = YES;
				CLANG_WARN_COMMA = YES;
				CLANG_WARN_CONSTANT_CONVERSION = YES;
				CLANG_WARN_DEPRECATED_OBJC_IMPLEMENTATIONS = YES;
				CLANG_WARN_DIRECT_OBJC_ISA_USAGE = YES_ERROR;
				CLANG_WARN_DOCUMENTATION_COMMENTS = YES;
				CLANG_WARN_EMPTY_BODY = YES;
				CLANG_WARN_ENUM_CONVERSION = YES;
				CLANG_WARN_INFINITE_RECURSION = YES;
				CLANG_WARN_INT_CONVERSION = YES;
				CLANG_WARN_NON_LITERAL_NULL_CONVERSION = YES;
				CLANG_WARN_OBJC_IMPLICIT_RETAIN_SELF = YES;
				CLANG_WARN_OBJC_LITERAL_CONVERSION = YES;
				CLANG_WARN_OBJC_ROOT_CLASS = YES_ERROR;
				CLANG_WARN_QUOTED_INCLUDE_IN_FRAMEWORK_HEADER = YES;
				CLANG_WARN_RANGE_LOOP_ANALYSIS = YES;
				CLANG_WARN_STRICT_PROTOTYPES = YES;
				CLANG_WARN_SUSPICIOUS_MOVE = YES;
				CLANG_WARN_UNGUARDED_AVAILABILITY = YES_AGGRESSIVE;
				CLANG_WARN_UNREACHABLE_CODE = YES;
				CLANG_WARN__DUPLICATE_METHOD_MATCH = YES;
				COPY_PHASE_STRIP = NO;
				DEBUG_INFORMATION_FORMAT = "dwarf-with-dsym";
				ENABLE_NS_ASSERTIONS = NO;
				ENABLE_STRICT_OBJC_MSGSEND = YES;
				ENABLE_USER_SCRIPT_SANDBOXING = NO;
				GCC_C_LANGUAGE_STANDARD = gnu17;
				GCC_NO_COMMON_BLOCKS = YES;
				GCC_WARN_64_TO_32_BIT_CONVERSION = YES;
				GCC_WARN_ABOUT_RETURN_TYPE = YES_ERROR;
				GCC_WARN_UNDECLARED_SELECTOR = YES;
				GCC_WARN_UNINITIALIZED_AUTOS = YES_AGGRESSIVE;
				GCC_WARN_UNUSED_FUNCTION = YES;
				GCC_WARN_UNUSED_VARIABLE = YES;
				IPHONEOS_DEPLOYMENT_TARGET = 17.0;
				LOCALIZATION_PREFERS_STRING_CATALOGS = YES;
				MTL_ENABLE_DEBUG_INFO = NO;
				MTL_FAST_MATH = YES;
				SDKROOT = iphoneos;
				SWIFT_COMPILATION_MODE = wholemodule;
				VALIDATE_PRODUCT = YES;
			};
			name = Release;
		};
		2D333F882B55698000B418C0 /* Debug */ = {
			isa = XCBuildConfiguration;
			baseConfigurationReference = 2B485BFE5A908B4AB37D9847 /* Pods-cookNow.debug.xcconfig */;
			buildSettings = {
				ASSETCATALOG_COMPILER_APPICON_NAME = AppIcon;
				ASSETCATALOG_COMPILER_GLOBAL_ACCENT_COLOR_NAME = AccentColor;
				CODE_SIGN_ENTITLEMENTS = cookNow/cookNow.entitlements;
				CODE_SIGN_STYLE = Automatic;
				CURRENT_PROJECT_VERSION = 1;
				DEVELOPMENT_TEAM = 3C347T67DV;
				GENERATE_INFOPLIST_FILE = YES;
				INFOPLIST_FILE = cookNow/Info.plist;
				INFOPLIST_KEY_CFBundleDisplayName = "쿡 나우";
				INFOPLIST_KEY_UIApplicationSupportsIndirectInputEvents = YES;
				INFOPLIST_KEY_UILaunchStoryboardName = LaunchScreen.storyboard;
				INFOPLIST_KEY_UIMainStoryboardFile = Main;
				INFOPLIST_KEY_UISupportedInterfaceOrientations = UIInterfaceOrientationPortrait;
				INFOPLIST_KEY_UISupportedInterfaceOrientations_iPad = "UIInterfaceOrientationLandscapeLeft UIInterfaceOrientationLandscapeRight UIInterfaceOrientationPortrait UIInterfaceOrientationPortraitUpsideDown";
				IPHONEOS_DEPLOYMENT_TARGET = 15.0;
				LD_RUNPATH_SEARCH_PATHS = (
					"$(inherited)",
					"@executable_path/Frameworks",
				);
				MARKETING_VERSION = 1.0.0;
				PRODUCT_BUNDLE_IDENTIFIER = com.sider.cookNow;
				PRODUCT_NAME = "$(TARGET_NAME)";
				SUPPORTED_PLATFORMS = "iphoneos iphonesimulator";
				SUPPORTS_MACCATALYST = NO;
				SWIFT_EMIT_LOC_STRINGS = YES;
				SWIFT_VERSION = 5.0;
				TARGETED_DEVICE_FAMILY = 1;
			};
			name = Debug;
		};
		2D333F892B55698000B418C0 /* Release */ = {
			isa = XCBuildConfiguration;
			baseConfigurationReference = 8AC3CAE9C1DDC27FEED9E708 /* Pods-cookNow.release.xcconfig */;
			buildSettings = {
				ASSETCATALOG_COMPILER_APPICON_NAME = AppIcon;
				ASSETCATALOG_COMPILER_GLOBAL_ACCENT_COLOR_NAME = AccentColor;
				CODE_SIGN_ENTITLEMENTS = cookNow/cookNow.entitlements;
				CODE_SIGN_STYLE = Automatic;
				CURRENT_PROJECT_VERSION = 1;
				DEVELOPMENT_TEAM = 3C347T67DV;
				GENERATE_INFOPLIST_FILE = YES;
				INFOPLIST_FILE = cookNow/Info.plist;
				INFOPLIST_KEY_CFBundleDisplayName = "쿡 나우";
				INFOPLIST_KEY_UIApplicationSupportsIndirectInputEvents = YES;
				INFOPLIST_KEY_UILaunchStoryboardName = LaunchScreen.storyboard;
				INFOPLIST_KEY_UIMainStoryboardFile = Main;
				INFOPLIST_KEY_UISupportedInterfaceOrientations = UIInterfaceOrientationPortrait;
				INFOPLIST_KEY_UISupportedInterfaceOrientations_iPad = "UIInterfaceOrientationLandscapeLeft UIInterfaceOrientationLandscapeRight UIInterfaceOrientationPortrait UIInterfaceOrientationPortraitUpsideDown";
				IPHONEOS_DEPLOYMENT_TARGET = 15.0;
				LD_RUNPATH_SEARCH_PATHS = (
					"$(inherited)",
					"@executable_path/Frameworks",
				);
				MARKETING_VERSION = 1.0.0;
				PRODUCT_BUNDLE_IDENTIFIER = com.sider.cookNow;
				PRODUCT_NAME = "$(TARGET_NAME)";
				SUPPORTED_PLATFORMS = "iphoneos iphonesimulator";
				SUPPORTS_MACCATALYST = NO;
				SWIFT_EMIT_LOC_STRINGS = YES;
				SWIFT_VERSION = 5.0;
				TARGETED_DEVICE_FAMILY = 1;
			};
			name = Release;
		};
/* End XCBuildConfiguration section */

/* Begin XCConfigurationList section */
		2D333F6E2B55697F00B418C0 /* Build configuration list for PBXProject "cookNow" */ = {
			isa = XCConfigurationList;
			buildConfigurations = (
				2D333F852B55698000B418C0 /* Debug */,
				2D333F862B55698000B418C0 /* Release */,
			);
			defaultConfigurationIsVisible = 0;
			defaultConfigurationName = Release;
		};
		2D333F872B55698000B418C0 /* Build configuration list for PBXNativeTarget "cookNow" */ = {
			isa = XCConfigurationList;
			buildConfigurations = (
				2D333F882B55698000B418C0 /* Debug */,
				2D333F892B55698000B418C0 /* Release */,
			);
			defaultConfigurationIsVisible = 0;
			defaultConfigurationName = Release;
		};
/* End XCConfigurationList section */
	};
	rootObject = 2D333F6B2B55697F00B418C0 /* Project object */;
}
